
Microsoft Visual Studio Solution File, Format Version 12.00
# Visual Studio Version 17
VisualStudioVersion = 17.10.35013.160
MinimumVisualStudioVersion = 10.0.40219.1
Project("{2150E333-8FDC-42A3-9474-1A3956D46DE8}") = "BL", "BL", "{57C3FD7A-D541-4D9A-AA96-E8CC24E7C53D}"
EndProject
Project("{FAE04EC0-301F-11D3-BF4B-00C04F79EFBC}") = "BL.Core", "BL.Core\BL.Core.csproj", "{F42334FD-4CA2-4AEB-A291-D779B4D211F7}"
EndProject
Project("{FAE04EC0-301F-11D3-BF4B-00C04F79EFBC}") = "Playground", "Playground\Playground.csproj", "{8F22AF0C-F202-47CC-A741-AE9C32849452}"
EndProject
Global
	GlobalSection(SolutionConfigurationPlatforms) = preSolution
		Debug|Any CPU = Debug|Any CPU
		Release|Any CPU = Release|Any CPU
	EndGlobalSection
	GlobalSection(ProjectConfigurationPlatforms) = postSolution
		{F42334FD-4CA2-4AEB-A291-D779B4D211F7}.Debug|Any CPU.ActiveCfg = Debug|Any CPU
		{F42334FD-4CA2-4AEB-A291-D779B4D211F7}.Debug|Any CPU.Build.0 = Debug|Any CPU
		{F42334FD-4CA2-4AEB-A291-D779B4D211F7}.Release|Any CPU.ActiveCfg = Release|Any CPU
		{F42334FD-4CA2-4AEB-A291-D779B4D211F7}.Release|Any CPU.Build.0 = Release|Any CPU
		{8F22AF0C-F202-47CC-A741-AE9C32849452}.Debug|Any CPU.ActiveCfg = Debug|Any CPU
		{8F22AF0C-F202-47CC-A741-AE9C32849452}.Debug|Any CPU.Build.0 = Debug|Any CPU
		{8F22AF0C-F202-47CC-A741-AE9C32849452}.Release|Any CPU.ActiveCfg = Release|Any CPU
		{8F22AF0C-F202-47CC-A741-AE9C32849452}.Release|Any CPU.Build.0 = Release|Any CPU
	EndGlobalSection
	GlobalSection(SolutionProperties) = preSolution
		HideSolutionNode = FALSE
	EndGlobalSection
	GlobalSection(NestedProjects) = preSolution
		{F42334FD-4CA2-4AEB-A291-D779B4D211F7} = {57C3FD7A-D541-4D9A-AA96-E8CC24E7C53D}
	EndGlobalSection
	GlobalSection(ExtensibilityGlobals) = postSolution
		SolutionGuid = {EA42E943-BEF9-490C-B8BF-E22454810117}
	EndGlobalSection
EndGlobal
